
Microsoft Visual Studio Solution File, Format Version 12.00
# Visual Studio 15
VisualStudioVersion = 15.0.28010.2026
MinimumVisualStudioVersion = 10.0.40219.1
Project("{FAE04EC0-301F-11D3-BF4B-00C04F79EFBC}") = "chess-console", "chess-console\chess-console.csproj", "{A643E8FB-AF33-4E22-B985-CA448627A6A4}"
EndProject
Global
	GlobalSection(SolutionConfigurationPlatforms) = preSolution
		Debug|Any CPU = Debug|Any CPU
		Release|Any CPU = Release|Any CPU
	EndGlobalSection
	GlobalSection(ProjectConfigurationPlatforms) = postSolution
		{A643E8FB-AF33-4E22-B985-CA448627A6A4}.Debug|Any CPU.ActiveCfg = Debug|Any CPU
		{A643E8FB-AF33-4E22-B985-CA448627A6A4}.Debug|Any CPU.Build.0 = Debug|Any CPU
		{A643E8FB-AF33-4E22-B985-CA448627A6A4}.Release|Any CPU.ActiveCfg = Release|Any CPU
		{A643E8FB-AF33-4E22-B985-CA448627A6A4}.Release|Any CPU.Build.0 = Release|Any CPU
	EndGlobalSection
	GlobalSection(SolutionProperties) = preSolution
		HideSolutionNode = FALSE
	EndGlobalSection
	GlobalSection(ExtensibilityGlobals) = postSolution
		SolutionGuid = {E6508092-01A4-401E-86B8-76FEDBB343A4}
	EndGlobalSection
EndGlobal
